PODS:
  - Alamofire (4.0.1)
  - ALReactiveCocoaExtension (4.0.0):
    - Moya (= 8.0.0-beta.3)
    - ReactiveSwift (= 1.0.0-alpha.3)
  - Moya (8.0.0-beta.3):
    - Moya/Core (= 8.0.0-beta.3)
  - Moya/Core (8.0.0-beta.3):
    - Alamofire (~> 4.0.0)
    - Result
  - ReactiveSwift (1.0.0-alpha.3):
    - Result (~> 3.0)
  - Result (3.0.0)

DEPENDENCIES:
  - ALReactiveCocoaExtension (from `../`)

EXTERNAL SOURCES:
  ALReactiveCocoaExtension:
    :path: ../

SPEC CHECKSUMS:
  Alamofire: 7682d43245de14874acd142ec137b144aa1dd335
  ALReactiveCocoaExtension: d52921e6cfc3a731043ef12c8fe044a21135632f
  Moya: f83c7f81eaa28cb0151549dfcf1f3fda4440bb50
  ReactiveSwift: d67b677f9574ba614d94022a88fcf456e77fa515
  Result: 1b3e431f37cbcd3ad89c6aa9ab0ae55515fae3b6

PODFILE CHECKSUM: 6baae5e23a4e718e01b19f2dee01c5b9e65aa639

COCOAPODS: 1.1.1
